--find-links https://builds.golem.network/simple/pyelliptic
apipkg==1.5
asn1crypto==0.24.0
atomicwrites==1.1.5
attrs==18.1.0
bitcoin==1.1.42
cbor2==3.0.4
cffi==1.11.5
coincurve==8.0.2
construct==2.9.45
ethereum==1.6.1
execnet==1.5.0
--editable git://github.com/golemfactory/golem-messages.git@52d8d164eb77c0785ad6f85b72e4f7d9b17fd132#egg=Golem_Messages
mock==2.0.0
more-itertools==4.3.0
mypy==0.620
pbkdf2==1.3
pbr==4.2.0
pluggy==0.7.1
py==1.5.4
pycparser==2.18
pycryptodome==3.6.4
pyelliptic==1.5.10
pyethash==0.1.27
pysha3==1.0.2
pytest==3.7.0
pytest-django==3.3.3
pytest-forked==0.2
pytest-xdist==1.22.5
pytz==2018.5
PyYAML==3.13
raven==6.9.0
repoze.lru==0.7
rlp==0.6.0
scrypt==0.8.6
secp256k1==0.13.2
semantic-version==2.6.0
six==1.11.0
typed-ast==1.1.0
--editable ../middleman_protocol
