asn1crypto==0.24.0
bitcoin==1.1.42
cbor2==3.0.4
certifi==2018.1.18
cffi==1.11.4
chardet==3.0.4
coincurve==6.0.0
Django==1.11.9
ethereum==1.6.1
factory-boy==2.9.2
Faker==0.8.10
freezegun==0.3.9
-e git://github.com/golemfactory/golem-messages.git@ad16cd4ae449c18fabf9717b9984835ab88ddcc4#egg=Golem_Messages
idna==2.6
mock==2.0.0
pbkdf2==1.3
pbr==3.1.1
psycopg2==2.7.3.2
pycparser==2.18
pycryptodome==3.4.7
pyelliptic==1.5.7
pyethash==0.1.27
pysha3==1.0.2
python-dateutil==2.6.1
pytz==2017.3
PyYAML==3.12
repoze.lru==0.7
requests==2.18.4
rlp==0.6.0
scrypt==0.8.0
secp256k1==0.13.2
six==1.11.0
text-unidecode==1.1
urllib3==1.22
