--find-links https://builds.golem.network/simple/pyelliptic
amqp==2.2.2
asn1crypto==0.24.0
assertpy==0.13
billiard==3.5.0.3
bitcoin==1.1.42
cbor2==3.0.4
celery==4.1.0
certifi==2018.1.18
cffi==1.11.4
chardet==3.0.4
coincurve==7.1.0
cytoolz==0.9.0.1
Django==1.11.9
django-constance[database]==2.2.0
eth-abi==0.5.0
eth-keyfile==0.4.1
eth-keys==0.1.0b4
eth-tester==0.1.0b15
eth-utils==0.7.4
ethereum==1.6.1
factory-boy==2.9.2
Faker==0.8.10
freezegun==0.3.9
-e git://github.com/golemfactory/golem-messages.git@3095cf9c18fa4401845df4f1fbc422353d2661b6#egg=Golem_Messages
-e git://github.com/golemfactory/golem-smart-contracts-interface.git@8c3f08331da5792ee506c70fc5a59d650bfb99a3#egg=Golem_Smart_Contracts_Interface
idna==2.6
kombu==4.1.0
mock==2.0.0
mypy==0.570
pbkdf2==1.3
pbr==3.1.1
psycopg2==2.7.3.2
pycparser==2.18
pycryptodome==3.4.7
pyelliptic==1.5.10
pyethash==0.1.27
pylru==1.0.9
pysha3==1.0.2
python-dateutil==2.6.1
pytz==2017.3
PyYAML==3.12
raven==6.6.0
repoze.lru==0.7
requests==2.18.4
rlp==0.6.0
scrypt==0.8.0
secp256k1==0.13.2
semantic-version==2.6.0
six==1.11.0
text-unidecode==1.1
toolz==0.9.0
typed-ast==1.1.0
urllib3==1.22
vine==1.1.4
web3==3.16.4
